lockfileVersion: '6.0'

settings:
  autoInstallPeers: true
  excludeLinksFromLockfile: false

devDependencies:
  jsdoc:
    specifier: ^4.0.2
    version: 4.0.2
  terser:
    specifier: ^5.26.0
    version: 5.26.0
  vite:
    specifier: ^5.0.0
    version: 5.0.11(terser@5.26.0)

packages:

  /@babel/helper-string-parser@7.23.4:
    resolution: {integrity: sha512-803gmbQdqwdf4olxrX4AJyFBV/RTr3rSmOj0rKwesmzlfhYNDEs+/iOcznzpNWlJlIlTJC2QfPFcHB6DlzdVLQ==}
    engines: {node: '>=6.9.0'}
    dev: true

  /@babel/helper-validator-identifier@7.22.20:
    resolution: {integrity: sha512-Y4OZ+ytlatR8AI+8KZfKuL5urKp7qey08ha31L8b3BwewJAoJamTzyvxPR/5D+KkdJCGPq/+8TukHBlY10FX9A==}
    engines: {node: '>=6.9.0'}
    dev: true

  /@babel/parser@7.23.6:
    resolution: {integrity: sha512-Z2uID7YJ7oNvAI20O9X0bblw7Qqs8Q2hFy0R9tAfnfLkp5MW0UH9eUvnDSnFwKZ0AvgS1ucqR4KzvVHgnke1VQ==}
    engines: {node: '>=6.0.0'}
    hasBin: true
    dependencies:
      '@babel/types': 7.23.6
    dev: true

  /@babel/types@7.23.6:
    resolution: {integrity: sha512-+uarb83brBzPKN38NX1MkB6vb6+mwvR6amUulqAE7ccQw1pEl+bCia9TbdG1lsnFP7lZySvUn37CHyXQdfTwzg==}
    engines: {node: '>=6.9.0'}
    dependencies:
      '@babel/helper-string-parser': 7.23.4
      '@babel/helper-validator-identifier': 7.22.20
      to-fast-properties: 2.0.0
    dev: true

  /@esbuild/aix-ppc64@0.19.11:
    resolution: {integrity: sha512-FnzU0LyE3ySQk7UntJO4+qIiQgI7KoODnZg5xzXIrFJlKd2P2gwHsHY4927xj9y5PJmJSzULiUCWmv7iWnNa7g==}
    engines: {node: '>=12'}
    cpu: [ppc64]
    os: [aix]
    requiresBuild: true
    dev: true
    optional: true

  /@esbuild/android-arm64@0.19.11:
    resolution: {integrity: sha512-aiu7K/5JnLj//KOnOfEZ0D90obUkRzDMyqd/wNAUQ34m4YUPVhRZpnqKV9uqDGxT7cToSDnIHsGooyIczu9T+Q==}
    engines: {node: '>=12'}
    cpu: [arm64]
    os: [android]
    requiresBuild: true
    dev: true
    optional: true

  /@esbuild/android-arm@0.19.11:
    resolution: {integrity: sha512-5OVapq0ClabvKvQ58Bws8+wkLCV+Rxg7tUVbo9xu034Nm536QTII4YzhaFriQ7rMrorfnFKUsArD2lqKbFY4vw==}
    engines: {node: '>=12'}
    cpu: [arm]
    os: [android]
    requiresBuild: true
    dev: true
    optional: true

  /@esbuild/android-x64@0.19.11:
    resolution: {integrity: sha512-eccxjlfGw43WYoY9QgB82SgGgDbibcqyDTlk3l3C0jOVHKxrjdc9CTwDUQd0vkvYg5um0OH+GpxYvp39r+IPOg==}
    engines: {node: '>=12'}
    cpu: [x64]
    os: [android]
    requiresBuild: true
    dev: true
    optional: true

  /@esbuild/darwin-arm64@0.19.11:
    resolution: {integrity: sha512-ETp87DRWuSt9KdDVkqSoKoLFHYTrkyz2+65fj9nfXsaV3bMhTCjtQfw3y+um88vGRKRiF7erPrh/ZuIdLUIVxQ==}
    engines: {node: '>=12'}
    cpu: [arm64]
    os: [darwin]
    requiresBuild: true
    dev: true
    optional: true

  /@esbuild/darwin-x64@0.19.11:
    resolution: {integrity: sha512-fkFUiS6IUK9WYUO/+22omwetaSNl5/A8giXvQlcinLIjVkxwTLSktbF5f/kJMftM2MJp9+fXqZ5ezS7+SALp4g==}
    engines: {node: '>=12'}
    cpu: [x64]
    os: [darwin]
    requiresBuild: true
    dev: true
    optional: true

  /@esbuild/freebsd-arm64@0.19.11:
    resolution: {integrity: sha512-lhoSp5K6bxKRNdXUtHoNc5HhbXVCS8V0iZmDvyWvYq9S5WSfTIHU2UGjcGt7UeS6iEYp9eeymIl5mJBn0yiuxA==}
    engines: {node: '>=12'}
    cpu: [arm64]
    os: [freebsd]
    requiresBuild: true
    dev: true
    optional: true

  /@esbuild/freebsd-x64@0.19.11:
    resolution: {integrity: sha512-JkUqn44AffGXitVI6/AbQdoYAq0TEullFdqcMY/PCUZ36xJ9ZJRtQabzMA+Vi7r78+25ZIBosLTOKnUXBSi1Kw==}
    engines: {node: '>=12'}
    cpu: [x64]
    os: [freebsd]
    requiresBuild: true
    dev: true
    optional: true

  /@esbuild/linux-arm64@0.19.11:
    resolution: {integrity: sha512-LneLg3ypEeveBSMuoa0kwMpCGmpu8XQUh+mL8XXwoYZ6Be2qBnVtcDI5azSvh7vioMDhoJFZzp9GWp9IWpYoUg==}
    engines: {node: '>=12'}
    cpu: [arm64]
    os: [linux]
    requiresBuild: true
    dev: true
    optional: true

  /@esbuild/linux-arm@0.19.11:
    resolution: {integrity: sha512-3CRkr9+vCV2XJbjwgzjPtO8T0SZUmRZla+UL1jw+XqHZPkPgZiyWvbDvl9rqAN8Zl7qJF0O/9ycMtjU67HN9/Q==}
    engines: {node: '>=12'}
    cpu: [arm]
    os: [linux]
    requiresBuild: true
    dev: true
    optional: true

  /@esbuild/linux-ia32@0.19.11:
    resolution: {integrity: sha512-caHy++CsD8Bgq2V5CodbJjFPEiDPq8JJmBdeyZ8GWVQMjRD0sU548nNdwPNvKjVpamYYVL40AORekgfIubwHoA==}
    engines: {node: '>=12'}
    cpu: [ia32]
    os: [linux]
    requiresBuild: true
    dev: true
    optional: true

  /@esbuild/linux-loong64@0.19.11:
    resolution: {integrity: sha512-ppZSSLVpPrwHccvC6nQVZaSHlFsvCQyjnvirnVjbKSHuE5N24Yl8F3UwYUUR1UEPaFObGD2tSvVKbvR+uT1Nrg==}
    engines: {node: '>=12'}
    cpu: [loong64]
    os: [linux]
    requiresBuild: true
    dev: true
    optional: true

  /@esbuild/linux-mips64el@0.19.11:
    resolution: {integrity: sha512-B5x9j0OgjG+v1dF2DkH34lr+7Gmv0kzX6/V0afF41FkPMMqaQ77pH7CrhWeR22aEeHKaeZVtZ6yFwlxOKPVFyg==}
    engines: {node: '>=12'}
    cpu: [mips64el]
    os: [linux]
    requiresBuild: true
    dev: true
    optional: true

  /@esbuild/linux-ppc64@0.19.11:
    resolution: {integrity: sha512-MHrZYLeCG8vXblMetWyttkdVRjQlQUb/oMgBNurVEnhj4YWOr4G5lmBfZjHYQHHN0g6yDmCAQRR8MUHldvvRDA==}
    engines: {node: '>=12'}
    cpu: [ppc64]
    os: [linux]
    requiresBuild: true
    dev: true
    optional: true

  /@esbuild/linux-riscv64@0.19.11:
    resolution: {integrity: sha512-f3DY++t94uVg141dozDu4CCUkYW+09rWtaWfnb3bqe4w5NqmZd6nPVBm+qbz7WaHZCoqXqHz5p6CM6qv3qnSSQ==}
    engines: {node: '>=12'}
    cpu: [riscv64]
    os: [linux]
    requiresBuild: true
    dev: true
    optional: true

  /@esbuild/linux-s390x@0.19.11:
    resolution: {integrity: sha512-A5xdUoyWJHMMlcSMcPGVLzYzpcY8QP1RtYzX5/bS4dvjBGVxdhuiYyFwp7z74ocV7WDc0n1harxmpq2ePOjI0Q==}
    engines: {node: '>=12'}
    cpu: [s390x]
    os: [linux]
    requiresBuild: true
    dev: true
    optional: true

  /@esbuild/linux-x64@0.19.11:
    resolution: {integrity: sha512-grbyMlVCvJSfxFQUndw5mCtWs5LO1gUlwP4CDi4iJBbVpZcqLVT29FxgGuBJGSzyOxotFG4LoO5X+M1350zmPA==}
    engines: {node: '>=12'}
    cpu: [x64]
    os: [linux]
    requiresBuild: true
    dev: true
    optional: true

  /@esbuild/netbsd-x64@0.19.11:
    resolution: {integrity: sha512-13jvrQZJc3P230OhU8xgwUnDeuC/9egsjTkXN49b3GcS5BKvJqZn86aGM8W9pd14Kd+u7HuFBMVtrNGhh6fHEQ==}
    engines: {node: '>=12'}
    cpu: [x64]
    os: [netbsd]
    requiresBuild: true
    dev: true
    optional: true

  /@esbuild/openbsd-x64@0.19.11:
    resolution: {integrity: sha512-ysyOGZuTp6SNKPE11INDUeFVVQFrhcNDVUgSQVDzqsqX38DjhPEPATpid04LCoUr2WXhQTEZ8ct/EgJCUDpyNw==}
    engines: {node: '>=12'}
    cpu: [x64]
    os: [openbsd]
    requiresBuild: true
    dev: true
    optional: true

  /@esbuild/sunos-x64@0.19.11:
    resolution: {integrity: sha512-Hf+Sad9nVwvtxy4DXCZQqLpgmRTQqyFyhT3bZ4F2XlJCjxGmRFF0Shwn9rzhOYRB61w9VMXUkxlBy56dk9JJiQ==}
    engines: {node: '>=12'}
    cpu: [x64]
    os: [sunos]
    requiresBuild: true
    dev: true
    optional: true

  /@esbuild/win32-arm64@0.19.11:
    resolution: {integrity: sha512-0P58Sbi0LctOMOQbpEOvOL44Ne0sqbS0XWHMvvrg6NE5jQ1xguCSSw9jQeUk2lfrXYsKDdOe6K+oZiwKPilYPQ==}
    engines: {node: '>=12'}
    cpu: [arm64]
    os: [win32]
    requiresBuild: true
    dev: true
    optional: true

  /@esbuild/win32-ia32@0.19.11:
    resolution: {integrity: sha512-6YOrWS+sDJDmshdBIQU+Uoyh7pQKrdykdefC1avn76ss5c+RN6gut3LZA4E2cH5xUEp5/cA0+YxRaVtRAb0xBg==}
    engines: {node: '>=12'}
    cpu: [ia32]
    os: [win32]
    requiresBuild: true
    dev: true
    optional: true

  /@esbuild/win32-x64@0.19.11:
    resolution: {integrity: sha512-vfkhltrjCAb603XaFhqhAF4LGDi2M4OrCRrFusyQ+iTLQ/o60QQXxc9cZC/FFpihBI9N1Grn6SMKVJ4KP7Fuiw==}
    engines: {node: '>=12'}
    cpu: [x64]
    os: [win32]
    requiresBuild: true
    dev: true
    optional: true

  /@jridgewell/gen-mapping@0.3.3:
    resolution: {integrity: sha512-HLhSWOLRi875zjjMG/r+Nv0oCW8umGb0BgEhyX3dDX3egwZtB8PqLnjz3yedt8R5StBrzcg4aBpnh8UA9D1BoQ==}
    engines: {node: '>=6.0.0'}
    dependencies:
      '@jridgewell/set-array': 1.1.2
      '@jridgewell/sourcemap-codec': 1.4.15
      '@jridgewell/trace-mapping': 0.3.20
    dev: true

  /@jridgewell/resolve-uri@3.1.1:
    resolution: {integrity: sha512-dSYZh7HhCDtCKm4QakX0xFpsRDqjjtZf/kjI/v3T3Nwt5r8/qz/M19F9ySyOqU94SXBmeG9ttTul+YnR4LOxFA==}
    engines: {node: '>=6.0.0'}
    dev: true

  /@jridgewell/set-array@1.1.2:
    resolution: {integrity: sha512-xnkseuNADM0gt2bs+BvhO0p78Mk762YnZdsuzFV018NoG1Sj1SCQvpSqa7XUaTam5vAGasABV9qXASMKnFMwMw==}
    engines: {node: '>=6.0.0'}
    dev: true

  /@jridgewell/source-map@0.3.5:
    resolution: {integrity: sha512-UTYAUj/wviwdsMfzoSJspJxbkH5o1snzwX0//0ENX1u/55kkZZkcTZP6u9bwKGkv+dkk9at4m1Cpt0uY80kcpQ==}
    dependencies:
      '@jridgewell/gen-mapping': 0.3.3
      '@jridgewell/trace-mapping': 0.3.20
    dev: true

  /@jridgewell/sourcemap-codec@1.4.15:
    resolution: {integrity: sha512-eF2rxCRulEKXHTRiDrDy6erMYWqNw4LPdQ8UQA4huuxaQsVeRPFl2oM8oDGxMFhJUWZf9McpLtJasDDZb/Bpeg==}
    dev: true

  /@jridgewell/trace-mapping@0.3.20:
    resolution: {integrity: sha512-R8LcPeWZol2zR8mmH3JeKQ6QRCFb7XgUhV9ZlGhHLGyg4wpPiPZNQOOWhFZhxKw8u//yTbNGI42Bx/3paXEQ+Q==}
    dependencies:
      '@jridgewell/resolve-uri': 3.1.1
      '@jridgewell/sourcemap-codec': 1.4.15
    dev: true

  /@jsdoc/salty@0.2.7:
    resolution: {integrity: sha512-mh8LbS9d4Jq84KLw8pzho7XC2q2/IJGiJss3xwRoLD1A+EE16SjN4PfaG4jRCzKegTFLlN0Zd8SdUPE6XdoPFg==}
    engines: {node: '>=v12.0.0'}
    dependencies:
      lodash: 4.17.21
    dev: true

  /@rollup/rollup-android-arm-eabi@4.9.4:
    resolution: {integrity: sha512-ub/SN3yWqIv5CWiAZPHVS1DloyZsJbtXmX4HxUTIpS0BHm9pW5iYBo2mIZi+hE3AeiTzHz33blwSnhdUo+9NpA==}
    cpu: [arm]
    os: [android]
    requiresBuild: true
    dev: true
    optional: true

  /@rollup/rollup-android-arm64@4.9.4:
    resolution: {integrity: sha512-ehcBrOR5XTl0W0t2WxfTyHCR/3Cq2jfb+I4W+Ch8Y9b5G+vbAecVv0Fx/J1QKktOrgUYsIKxWAKgIpvw56IFNA==}
    cpu: [arm64]
    os: [android]
    requiresBuild: true
    dev: true
    optional: true

  /@rollup/rollup-darwin-arm64@4.9.4:
    resolution: {integrity: sha512-1fzh1lWExwSTWy8vJPnNbNM02WZDS8AW3McEOb7wW+nPChLKf3WG2aG7fhaUmfX5FKw9zhsF5+MBwArGyNM7NA==}
    cpu: [arm64]
    os: [darwin]
    requiresBuild: true
    dev: true
    optional: true

  /@rollup/rollup-darwin-x64@4.9.4:
    resolution: {integrity: sha512-Gc6cukkF38RcYQ6uPdiXi70JB0f29CwcQ7+r4QpfNpQFVHXRd0DfWFidoGxjSx1DwOETM97JPz1RXL5ISSB0pA==}
    cpu: [x64]
    os: [darwin]
    requiresBuild: true
    dev: true
    optional: true

  /@rollup/rollup-linux-arm-gnueabihf@4.9.4:
    resolution: {integrity: sha512-g21RTeFzoTl8GxosHbnQZ0/JkuFIB13C3T7Y0HtKzOXmoHhewLbVTFBQZu+z5m9STH6FZ7L/oPgU4Nm5ErN2fw==}
    cpu: [arm]
    os: [linux]
    requiresBuild: true
    dev: true
    optional: true

  /@rollup/rollup-linux-arm64-gnu@4.9.4:
    resolution: {integrity: sha512-TVYVWD/SYwWzGGnbfTkrNpdE4HON46orgMNHCivlXmlsSGQOx/OHHYiQcMIOx38/GWgwr/po2LBn7wypkWw/Mg==}
    cpu: [arm64]
    os: [linux]
    requiresBuild: true
    dev: true
    optional: true

  /@rollup/rollup-linux-arm64-musl@4.9.4:
    resolution: {integrity: sha512-XcKvuendwizYYhFxpvQ3xVpzje2HHImzg33wL9zvxtj77HvPStbSGI9czrdbfrf8DGMcNNReH9pVZv8qejAQ5A==}
    cpu: [arm64]
    os: [linux]
    requiresBuild: true
    dev: true
    optional: true

  /@rollup/rollup-linux-riscv64-gnu@4.9.4:
    resolution: {integrity: sha512-LFHS/8Q+I9YA0yVETyjonMJ3UA+DczeBd/MqNEzsGSTdNvSJa1OJZcSH8GiXLvcizgp9AlHs2walqRcqzjOi3A==}
    cpu: [riscv64]
    os: [linux]
    requiresBuild: true
    dev: true
    optional: true

  /@rollup/rollup-linux-x64-gnu@4.9.4:
    resolution: {integrity: sha512-dIYgo+j1+yfy81i0YVU5KnQrIJZE8ERomx17ReU4GREjGtDW4X+nvkBak2xAUpyqLs4eleDSj3RrV72fQos7zw==}
    cpu: [x64]
    os: [linux]
    requiresBuild: true
    dev: true
    optional: true

  /@rollup/rollup-linux-x64-musl@4.9.4:
    resolution: {integrity: sha512-RoaYxjdHQ5TPjaPrLsfKqR3pakMr3JGqZ+jZM0zP2IkDtsGa4CqYaWSfQmZVgFUCgLrTnzX+cnHS3nfl+kB6ZQ==}
    cpu: [x64]
    os: [linux]
    requiresBuild: true
    dev: true
    optional: true

  /@rollup/rollup-win32-arm64-msvc@4.9.4:
    resolution: {integrity: sha512-T8Q3XHV+Jjf5e49B4EAaLKV74BbX7/qYBRQ8Wop/+TyyU0k+vSjiLVSHNWdVd1goMjZcbhDmYZUYW5RFqkBNHQ==}
    cpu: [arm64]
    os: [win32]
    requiresBuild: true
    dev: true
    optional: true

  /@rollup/rollup-win32-ia32-msvc@4.9.4:
    resolution: {integrity: sha512-z+JQ7JirDUHAsMecVydnBPWLwJjbppU+7LZjffGf+Jvrxq+dVjIE7By163Sc9DKc3ADSU50qPVw0KonBS+a+HQ==}
    cpu: [ia32]
    os: [win32]
    requiresBuild: true
    dev: true
    optional: true

  /@rollup/rollup-win32-x64-msvc@4.9.4:
    resolution: {integrity: sha512-LfdGXCV9rdEify1oxlN9eamvDSjv9md9ZVMAbNHA87xqIfFCxImxan9qZ8+Un54iK2nnqPlbnSi4R54ONtbWBw==}
    cpu: [x64]
    os: [win32]
    requiresBuild: true
    dev: true
    optional: true

  /@types/estree@1.0.5:
    resolution: {integrity: sha512-/kYRxGDLWzHOB7q+wtSUQlFrtcdUccpfy+X+9iMBpHK8QLLhx2wIPYuS5DYtR9Wa/YlZAbIovy7qVdB1Aq6Lyw==}
    dev: true

  /@types/linkify-it@3.0.5:
    resolution: {integrity: sha512-yg6E+u0/+Zjva+buc3EIb+29XEg4wltq7cSmd4Uc2EE/1nUVmxyzpX6gUXD0V8jIrG0r7YeOGVIbYRkxeooCtw==}
    dev: true

  /@types/markdown-it@12.2.3:
    resolution: {integrity: sha512-GKMHFfv3458yYy+v/N8gjufHO6MSZKCOXpZc5GXIWWy8uldwfmPn98vp81gZ5f9SVw8YYBctgfJ22a2d7AOMeQ==}
    dependencies:
      '@types/linkify-it': 3.0.5
      '@types/mdurl': 1.0.5
    dev: true

  /@types/mdurl@1.0.5:
    resolution: {integrity: sha512-6L6VymKTzYSrEf4Nev4Xa1LCHKrlTlYCBMTlQKFuddo1CvQcE52I0mwfOJayueUC7MJuXOeHTcIU683lzd0cUA==}
    dev: true

  /acorn@8.11.3:
    resolution: {integrity: sha512-Y9rRfJG5jcKOE0CLisYbojUjIrIEE7AGMzA/Sm4BslANhbS+cDMpgBdcPT91oJ7OuJ9hYJBx59RjbhxVnrF8Xg==}
    engines: {node: '>=0.4.0'}
    hasBin: true
    dev: true

  /argparse@2.0.1:
    resolution: {integrity: sha512-8+9WqebbFzpX9OR+Wa6O29asIogeRMzcGtAINdpMHHyAg10f05aSFVBbcEqGf/PXw1EjAZ+q2/bEBg3DvurK3Q==}
    dev: true

  /bluebird@3.7.2:
    resolution: {integrity: sha512-XpNj6GDQzdfW+r2Wnn7xiSAd7TM3jzkxGXBGTtWKuSXv1xUV+azxAm8jdWZN06QTQk+2N2XB9jRDkvbmQmcRtg==}
    dev: true

  /buffer-from@1.1.2:
    resolution: {integrity: sha512-E+XQCRwSbaaiChtv6k6Dwgc+bx+Bs6vuKJHHl5kox/BaKbhiXzqQOwK4cO22yElGp2OCmjwVhT3HmxgyPGnJfQ==}
    dev: true

  /catharsis@0.9.0:
    resolution: {integrity: sha512-prMTQVpcns/tzFgFVkVp6ak6RykZyWb3gu8ckUpd6YkTlacOd3DXGJjIpD4Q6zJirizvaiAjSSHlOsA+6sNh2A==}
    engines: {node: '>= 10'}
    dependencies:
      lodash: 4.17.21
    dev: true

  /commander@2.20.3:
    resolution: {integrity: sha512-GpVkmM8vF2vQUkj2LvZmD35JxeJOLCwJ9cUkugyk2nuhbv3+mJvpLYYt+0+USMxE+oj+ey/lJEnhZw75x/OMcQ==}
    dev: true

  /entities@2.1.0:
    resolution: {integrity: sha512-hCx1oky9PFrJ611mf0ifBLBRW8lUUVRlFolb5gWRfIELabBlbp9xZvrqZLZAs+NxFnbfQoeGd8wDkygjg7U85w==}
    dev: true

  /esbuild@0.19.11:
    resolution: {integrity: sha512-HJ96Hev2hX/6i5cDVwcqiJBBtuo9+FeIJOtZ9W1kA5M6AMJRHUZlpYZ1/SbEwtO0ioNAW8rUooVpC/WehY2SfA==}
    engines: {node: '>=12'}
    hasBin: true
    requiresBuild: true
    optionalDependencies:
      '@esbuild/aix-ppc64': 0.19.11
      '@esbuild/android-arm': 0.19.11
      '@esbuild/android-arm64': 0.19.11
      '@esbuild/android-x64': 0.19.11
      '@esbuild/darwin-arm64': 0.19.11
      '@esbuild/darwin-x64': 0.19.11
      '@esbuild/freebsd-arm64': 0.19.11
      '@esbuild/freebsd-x64': 0.19.11
      '@esbuild/linux-arm': 0.19.11
      '@esbuild/linux-arm64': 0.19.11
      '@esbuild/linux-ia32': 0.19.11
      '@esbuild/linux-loong64': 0.19.11
      '@esbuild/linux-mips64el': 0.19.11
      '@esbuild/linux-ppc64': 0.19.11
      '@esbuild/linux-riscv64': 0.19.11
      '@esbuild/linux-s390x': 0.19.11
      '@esbuild/linux-x64': 0.19.11
      '@esbuild/netbsd-x64': 0.19.11
      '@esbuild/openbsd-x64': 0.19.11
      '@esbuild/sunos-x64': 0.19.11
      '@esbuild/win32-arm64': 0.19.11
      '@esbuild/win32-ia32': 0.19.11
      '@esbuild/win32-x64': 0.19.11
    dev: true

  /escape-string-regexp@2.0.0:
    resolution: {integrity: sha512-UpzcLCXolUWcNu5HtVMHYdXJjArjsF9C0aNnquZYY4uW/Vu0miy5YoWvbV345HauVvcAUnpRuhMMcqTcGOY2+w==}
    engines: {node: '>=8'}
    dev: true

  /fsevents@2.3.3:
    resolution: {integrity: sha512-5xoDfX+fL7faATnagmWPpbFtwh/R77WmMMqqHGS65C3vvB0YHrgF+B1YmZ3441tMj5n63k0212XNoJwzlhffQw==}
    engines: {node: ^8.16.0 || ^10.6.0 || >=11.0.0}
    os: [darwin]
    requiresBuild: true
    dev: true
    optional: true

  /graceful-fs@4.2.11:
    resolution: {integrity: sha512-RbJ5/jmFcNNCcDV5o9eTnBLJ/HszWV0P73bc+Ff4nS/rJj+YaS6IGyiOL0VoBYX+l1Wrl3k63h/KrH+nhJ0XvQ==}
    dev: true

  /js2xmlparser@4.0.2:
    resolution: {integrity: sha512-6n4D8gLlLf1n5mNLQPRfViYzu9RATblzPEtm1SthMX1Pjao0r9YI9nw7ZIfRxQMERS87mcswrg+r/OYrPRX6jA==}
    dependencies:
      xmlcreate: 2.0.4
    dev: true

  /jsdoc@4.0.2:
    resolution: {integrity: sha512-e8cIg2z62InH7azBBi3EsSEqrKx+nUtAS5bBcYTSpZFA+vhNPyhv8PTFZ0WsjOPDj04/dOLlm08EDcQJDqaGQg==}
    engines: {node: '>=12.0.0'}
    hasBin: true
    dependencies:
      '@babel/parser': 7.23.6
      '@jsdoc/salty': 0.2.7
      '@types/markdown-it': 12.2.3
      bluebird: 3.7.2
      catharsis: 0.9.0
      escape-string-regexp: 2.0.0
      js2xmlparser: 4.0.2
      klaw: 3.0.0
      markdown-it: 12.3.2
      markdown-it-anchor: 8.6.7(@types/markdown-it@12.2.3)(markdown-it@12.3.2)
      marked: 4.3.0
      mkdirp: 1.0.4
      requizzle: 0.2.4
      strip-json-comments: 3.1.1
      underscore: 1.13.6
    dev: true

  /klaw@3.0.0:
    resolution: {integrity: sha512-0Fo5oir+O9jnXu5EefYbVK+mHMBeEVEy2cmctR1O1NECcCkPRreJKrS6Qt/j3KC2C148Dfo9i3pCmCMsdqGr0g==}
    dependencies:
      graceful-fs: 4.2.11
    dev: true

  /linkify-it@3.0.3:
    resolution: {integrity: sha512-ynTsyrFSdE5oZ/O9GEf00kPngmOfVwazR5GKDq6EYfhlpFug3J2zybX56a2PRRpc9P+FuSoGNAwjlbDs9jJBPQ==}
    dependencies:
      uc.micro: 1.0.6
    dev: true

  /lodash@4.17.21:
    resolution: {integrity: sha512-v2kDEe57lecTulaDIuNTPy3Ry4gLGJ6Z1O3vE1krgXZNrsQ+LFTGHVxVjcXPs17LhbZVGedAJv8XZ1tvj5FvSg==}
    dev: true

  /markdown-it-anchor@8.6.7(@types/markdown-it@12.2.3)(markdown-it@12.3.2):
    resolution: {integrity: sha512-FlCHFwNnutLgVTflOYHPW2pPcl2AACqVzExlkGQNsi4CJgqOHN7YTgDd4LuhgN1BFO3TS0vLAruV1Td6dwWPJA==}
    peerDependencies:
      '@types/markdown-it': '*'
      markdown-it: '*'
    dependencies:
      '@types/markdown-it': 12.2.3
      markdown-it: 12.3.2
    dev: true

  /markdown-it@12.3.2:
    resolution: {integrity: sha512-TchMembfxfNVpHkbtriWltGWc+m3xszaRD0CZup7GFFhzIgQqxIfn3eGj1yZpfuflzPvfkt611B2Q/Bsk1YnGg==}
    hasBin: true
    dependencies:
      argparse: 2.0.1
      entities: 2.1.0
      linkify-it: 3.0.3
      mdurl: 1.0.1
      uc.micro: 1.0.6
    dev: true

  /marked@4.3.0:
    resolution: {integrity: sha512-PRsaiG84bK+AMvxziE/lCFss8juXjNaWzVbN5tXAm4XjeaS9NAHhop+PjQxz2A9h8Q4M/xGmzP8vqNwy6JeK0A==}
    engines: {node: '>= 12'}
    hasBin: true
    dev: true

  /mdurl@1.0.1:
    resolution: {integrity: sha512-/sKlQJCBYVY9Ers9hqzKou4H6V5UWc/M59TH2dvkt+84itfnq7uFOMLpOiOS4ujvHP4etln18fmIxA5R5fll0g==}
    dev: true

  /mkdirp@1.0.4:
    resolution: {integrity: sha512-vVqVZQyf3WLx2Shd0qJ9xuvqgAyKPLAiqITEtqW0oIUjzo3PePDd6fW9iFz30ef7Ysp/oiWqbhszeGWW2T6Gzw==}
    engines: {node: '>=10'}
    hasBin: true
    dev: true

  /nanoid@3.3.7:
    resolution: {integrity: sha512-eSRppjcPIatRIMC1U6UngP8XFcz8MQWGQdt1MTBQ7NaAmvXDfvNxbvWV3x2y6CdEUciCSsDHDQZbhYaB8QEo2g==}
    engines: {node: ^10 || ^12 || ^13.7 || ^14 || >=15.0.1}
    hasBin: true
    dev: true

  /picocolors@1.0.0:
    resolution: {integrity: sha512-1fygroTLlHu66zi26VoTDv8yRgm0Fccecssto+MhsZ0D/DGW2sm8E8AjW7NU5VVTRt5GxbeZ5qBuJr+HyLYkjQ==}
    dev: true

  /postcss@8.4.33:
    resolution: {integrity: sha512-Kkpbhhdjw2qQs2O2DGX+8m5OVqEcbB9HRBvuYM9pgrjEFUg30A9LmXNlTAUj4S9kgtGyrMbTzVjH7E+s5Re2yg==}
    engines: {node: ^10 || ^12 || >=14}
    dependencies:
      nanoid: 3.3.7
      picocolors: 1.0.0
      source-map-js: 1.0.2
    dev: true

  /requizzle@0.2.4:
    resolution: {integrity: sha512-JRrFk1D4OQ4SqovXOgdav+K8EAhSB/LJZqCz8tbX0KObcdeM15Ss59ozWMBWmmINMagCwmqn4ZNryUGpBsl6Jw==}
    dependencies:
      lodash: 4.17.21
    dev: true

  /rollup@4.9.4:
    resolution: {integrity: sha512-2ztU7pY/lrQyXSCnnoU4ICjT/tCG9cdH3/G25ERqE3Lst6vl2BCM5hL2Nw+sslAvAf+ccKsAq1SkKQALyqhR7g==}
    engines: {node: '>=18.0.0', npm: '>=8.0.0'}
    hasBin: true
    dependencies:
      '@types/estree': 1.0.5
    optionalDependencies:
      '@rollup/rollup-android-arm-eabi': 4.9.4
      '@rollup/rollup-android-arm64': 4.9.4
      '@rollup/rollup-darwin-arm64': 4.9.4
      '@rollup/rollup-darwin-x64': 4.9.4
      '@rollup/rollup-linux-arm-gnueabihf': 4.9.4
      '@rollup/rollup-linux-arm64-gnu': 4.9.4
      '@rollup/rollup-linux-arm64-musl': 4.9.4
      '@rollup/rollup-linux-riscv64-gnu': 4.9.4
      '@rollup/rollup-linux-x64-gnu': 4.9.4
      '@rollup/rollup-linux-x64-musl': 4.9.4
      '@rollup/rollup-win32-arm64-msvc': 4.9.4
      '@rollup/rollup-win32-ia32-msvc': 4.9.4
      '@rollup/rollup-win32-x64-msvc': 4.9.4
      fsevents: 2.3.3
    dev: true

  /source-map-js@1.0.2:
    resolution: {integrity: sha512-R0XvVJ9WusLiqTCEiGCmICCMplcCkIwwR11mOSD9CR5u+IXYdiseeEuXCVAjS54zqwkLcPNnmU4OeJ6tUrWhDw==}
    engines: {node: '>=0.10.0'}
    dev: true

  /source-map-support@0.5.21:
    resolution: {integrity: sha512-uBHU3L3czsIyYXKX88fdrGovxdSCoTGDRZ6SYXtSRxLZUzHg5P/66Ht6uoUlHu9EZod+inXhKo3qQgwXUT/y1w==}
    dependencies:
      buffer-from: 1.1.2
      source-map: 0.6.1
    dev: true

  /source-map@0.6.1:
    resolution: {integrity: sha512-UjgapumWlbMhkBgzT7Ykc5YXUT46F0iKu8SGXq0bcwP5dz/h0Plj6enJqjz1Zbq2l5WaqYnrVbwWOWMyF3F47g==}
    engines: {node: '>=0.10.0'}
    dev: true

  /strip-json-comments@3.1.1:
    resolution: {integrity: sha512-6fPc+R4ihwqP6N/aIv2f1gMH8lOVtWQHoqC4yK6oSDVVocumAsfCqjkXnqiYMhmMwS/mEHLp7Vehlt3ql6lEig==}
    engines: {node: '>=8'}
    dev: true

  /terser@5.26.0:
    resolution: {integrity: sha512-dytTGoE2oHgbNV9nTzgBEPaqAWvcJNl66VZ0BkJqlvp71IjO8CxdBx/ykCNb47cLnCmCvRZ6ZR0tLkqvZCdVBQ==}
    engines: {node: '>=10'}
    hasBin: true
    dependencies:
      '@jridgewell/source-map': 0.3.5
      acorn: 8.11.3
      commander: 2.20.3
      source-map-support: 0.5.21
    dev: true

  /to-fast-properties@2.0.0:
    resolution: {integrity: sha512-/OaKK0xYrs3DmxRYqL/yDc+FxFUVYhDlXMhRmv3z915w2HF1tnN1omB354j8VUGO/hbRzyD6Y3sA7v7GS/ceog==}
    engines: {node: '>=4'}
    dev: true

  /uc.micro@1.0.6:
    resolution: {integrity: sha512-8Y75pvTYkLJW2hWQHXxoqRgV7qb9B+9vFEtidML+7koHUFapnVJAZ6cKs+Qjz5Aw3aZWHMC6u0wJE3At+nSGwA==}
    dev: true

  /underscore@1.13.6:
    resolution: {integrity: sha512-+A5Sja4HP1M08MaXya7p5LvjuM7K6q/2EaC0+iovj/wOcMsTzMvDFbasi/oSapiwOlt252IqsKqPjCl7huKS0A==}
    dev: true

  /vite@5.0.11(terser@5.26.0):
    resolution: {integrity: sha512-XBMnDjZcNAw/G1gEiskiM1v6yzM4GE5aMGvhWTlHAYYhxb7S3/V1s3m2LDHa8Vh6yIWYYB0iJwsEaS523c4oYA==}
    engines: {node: ^18.0.0 || >=20.0.0}
    hasBin: true
    peerDependencies:
      '@types/node': ^18.0.0 || >=20.0.0
      less: '*'
      lightningcss: ^1.21.0
      sass: '*'
      stylus: '*'
      sugarss: '*'
      terser: ^5.4.0
    peerDependenciesMeta:
      '@types/node':
        optional: true
      less:
        optional: true
      lightningcss:
        optional: true
      sass:
        optional: true
      stylus:
        optional: true
      sugarss:
        optional: true
      terser:
        optional: true
    dependencies:
      esbuild: 0.19.11
      postcss: 8.4.33
      rollup: 4.9.4
      terser: 5.26.0
    optionalDependencies:
      fsevents: 2.3.3
    dev: true

  /xmlcreate@2.0.4:
    resolution: {integrity: sha512-nquOebG4sngPmGPICTS5EnxqhKbCmz5Ox5hsszI2T6U5qdrJizBc+0ilYSEjTSzU0yZcmvppztXe/5Al5fUwdg==}
    dev: true
